
Microsoft Visual Studio Solution File, Format Version 12.00
# Visual Studio 14
VisualStudioVersion = 14.0.24720.0
MinimumVisualStudioVersion = 10.0.40219.1
Project("{262852C6-CD72-467D-83FE-5EEB1973A190}") = "PlanetCordova", "PlanetCordova\PlanetCordova.jsproj", "{B55365DF-734C-469C-A882-C8CD6E579346}"
EndProject
Project("{FAE04EC0-301F-11D3-BF4B-00C04F79EFBC}") = "Phonegap.OWIN", "Phonegap.OWIN\Phonegap.OWIN.csproj", "{EFB3793F-CDE0-4E80-954A-9BF3C0CA87CC}"
EndProject
Global
	GlobalSection(SolutionConfigurationPlatforms) = preSolution
		Debug|Android = Debug|Android
		Debug|Any CPU = Debug|Any CPU
		Debug|iOS = Debug|iOS
		Debug|Windows Phone (Universal) = Debug|Windows Phone (Universal)
		Debug|Windows Phone 8 = Debug|Windows Phone 8
		Debug|Windows-AnyCPU = Debug|Windows-AnyCPU
		Debug|Windows-ARM = Debug|Windows-ARM
		Debug|Windows-x64 = Debug|Windows-x64
		Debug|Windows-x86 = Debug|Windows-x86
		Release|Android = Release|Android
		Release|Any CPU = Release|Any CPU
		Release|iOS = Release|iOS
		Release|Windows Phone (Universal) = Release|Windows Phone (Universal)
		Release|Windows Phone 8 = Release|Windows Phone 8
		Release|Windows-AnyCPU = Release|Windows-AnyCPU
		Release|Windows-ARM = Release|Windows-ARM
		Release|Windows-x64 = Release|Windows-x64
		Release|Windows-x86 = Release|Windows-x86
	EndGlobalSection
	GlobalSection(ProjectConfigurationPlatforms) = postSolution
		{B55365DF-734C-469C-A882-C8CD6E579346}.Debug|Android.ActiveCfg = Debug|Android
		{B55365DF-734C-469C-A882-C8CD6E579346}.Debug|Android.Build.0 = Debug|Android
		{B55365DF-734C-469C-A882-C8CD6E579346}.Debug|Android.Deploy.0 = Debug|Android
		{B55365DF-734C-469C-A882-C8CD6E579346}.Debug|Any CPU.ActiveCfg = Debug|Android
		{B55365DF-734C-469C-A882-C8CD6E579346}.Debug|iOS.ActiveCfg = Debug|iOS
		{B55365DF-734C-469C-A882-C8CD6E579346}.Debug|iOS.Build.0 = Debug|iOS
		{B55365DF-734C-469C-A882-C8CD6E579346}.Debug|iOS.Deploy.0 = Debug|iOS
		{B55365DF-734C-469C-A882-C8CD6E579346}.Debug|Windows Phone (Universal).ActiveCfg = Debug|Windows Phone (Universal)
		{B55365DF-734C-469C-A882-C8CD6E579346}.Debug|Windows Phone (Universal).Build.0 = Debug|Windows Phone (Universal)
		{B55365DF-734C-469C-A882-C8CD6E579346}.Debug|Windows Phone (Universal).Deploy.0 = Debug|Windows Phone (Universal)
		{B55365DF-734C-469C-A882-C8CD6E579346}.Debug|Windows Phone 8.ActiveCfg = Debug|Windows Phone 8
		{B55365DF-734C-469C-A882-C8CD6E579346}.Debug|Windows Phone 8.Build.0 = Debug|Windows Phone 8
		{B55365DF-734C-469C-A882-C8CD6E579346}.Debug|Windows Phone 8.Deploy.0 = Debug|Windows Phone 8
		{B55365DF-734C-469C-A882-C8CD6E579346}.Debug|Windows-AnyCPU.ActiveCfg = Debug|Windows-AnyCPU
		{B55365DF-734C-469C-A882-C8CD6E579346}.Debug|Windows-AnyCPU.Build.0 = Debug|Windows-AnyCPU
		{B55365DF-734C-469C-A882-C8CD6E579346}.Debug|Windows-AnyCPU.Deploy.0 = Debug|Windows-AnyCPU
		{B55365DF-734C-469C-A882-C8CD6E579346}.Debug|Windows-ARM.ActiveCfg = Debug|Windows-ARM
		{B55365DF-734C-469C-A882-C8CD6E579346}.Debug|Windows-ARM.Build.0 = Debug|Windows-ARM
		{B55365DF-734C-469C-A882-C8CD6E579346}.Debug|Windows-ARM.Deploy.0 = Debug|Windows-ARM
		{B55365DF-734C-469C-A882-C8CD6E579346}.Debug|Windows-x64.ActiveCfg = Debug|Windows-x64
		{B55365DF-734C-469C-A882-C8CD6E579346}.Debug|Windows-x64.Build.0 = Debug|Windows-x64
		{B55365DF-734C-469C-A882-C8CD6E579346}.Debug|Windows-x64.Deploy.0 = Debug|Windows-x64
		{B55365DF-734C-469C-A882-C8CD6E579346}.Debug|Windows-x86.ActiveCfg = Debug|Windows-x86
		{B55365DF-734C-469C-A882-C8CD6E579346}.Debug|Windows-x86.Build.0 = Debug|Windows-x86
		{B55365DF-734C-469C-A882-C8CD6E579346}.Debug|Windows-x86.Deploy.0 = Debug|Windows-x86
		{B55365DF-734C-469C-A882-C8CD6E579346}.Release|Android.ActiveCfg = Release|Android
		{B55365DF-734C-469C-A882-C8CD6E579346}.Release|Android.Build.0 = Release|Android
		{B55365DF-734C-469C-A882-C8CD6E579346}.Release|Android.Deploy.0 = Release|Android
		{B55365DF-734C-469C-A882-C8CD6E579346}.Release|Any CPU.ActiveCfg = Release|Android
		{B55365DF-734C-469C-A882-C8CD6E579346}.Release|iOS.ActiveCfg = Release|iOS
		{B55365DF-734C-469C-A882-C8CD6E579346}.Release|iOS.Build.0 = Release|iOS
		{B55365DF-734C-469C-A882-C8CD6E579346}.Release|iOS.Deploy.0 = Release|iOS
		{B55365DF-734C-469C-A882-C8CD6E579346}.Release|Windows Phone (Universal).ActiveCfg = Release|Windows Phone (Universal)
		{B55365DF-734C-469C-A882-C8CD6E579346}.Release|Windows Phone (Universal).Build.0 = Release|Windows Phone (Universal)
		{B55365DF-734C-469C-A882-C8CD6E579346}.Release|Windows Phone (Universal).Deploy.0 = Release|Windows Phone (Universal)
		{B55365DF-734C-469C-A882-C8CD6E579346}.Release|Windows Phone 8.ActiveCfg = Release|Windows Phone 8
		{B55365DF-734C-469C-A882-C8CD6E579346}.Release|Windows Phone 8.Build.0 = Release|Windows Phone 8
		{B55365DF-734C-469C-A882-C8CD6E579346}.Release|Windows Phone 8.Deploy.0 = Release|Windows Phone 8
		{B55365DF-734C-469C-A882-C8CD6E579346}.Release|Windows-AnyCPU.ActiveCfg = Release|Windows-AnyCPU
		{B55365DF-734C-469C-A882-C8CD6E579346}.Release|Windows-AnyCPU.Build.0 = Release|Windows-AnyCPU
		{B55365DF-734C-469C-A882-C8CD6E579346}.Release|Windows-AnyCPU.Deploy.0 = Release|Windows-AnyCPU
		{B55365DF-734C-469C-A882-C8CD6E579346}.Release|Windows-ARM.ActiveCfg = Release|Windows-ARM
		{B55365DF-734C-469C-A882-C8CD6E579346}.Release|Windows-ARM.Build.0 = Release|Windows-ARM
		{B55365DF-734C-469C-A882-C8CD6E579346}.Release|Windows-ARM.Deploy.0 = Release|Windows-ARM
		{B55365DF-734C-469C-A882-C8CD6E579346}.Release|Windows-x64.ActiveCfg = Release|Windows-x64
		{B55365DF-734C-469C-A882-C8CD6E579346}.Release|Windows-x64.Build.0 = Release|Windows-x64
		{B55365DF-734C-469C-A882-C8CD6E579346}.Release|Windows-x64.Deploy.0 = Release|Windows-x64
		{B55365DF-734C-469C-A882-C8CD6E579346}.Release|Windows-x86.ActiveCfg = Release|Windows-x86
		{B55365DF-734C-469C-A882-C8CD6E579346}.Release|Windows-x86.Build.0 = Release|Windows-x86
		{B55365DF-734C-469C-A882-C8CD6E579346}.Release|Windows-x86.Deploy.0 = Release|Windows-x86
		{EFB3793F-CDE0-4E80-954A-9BF3C0CA87CC}.Debug|Android.ActiveCfg = Debug|Any CPU
		{EFB3793F-CDE0-4E80-954A-9BF3C0CA87CC}.Debug|Android.Build.0 = Debug|Any CPU
		{EFB3793F-CDE0-4E80-954A-9BF3C0CA87CC}.Debug|Any CPU.ActiveCfg = Debug|Any CPU
		{EFB3793F-CDE0-4E80-954A-9BF3C0CA87CC}.Debug|Any CPU.Build.0 = Debug|Any CPU
		{EFB3793F-CDE0-4E80-954A-9BF3C0CA87CC}.Debug|iOS.ActiveCfg = Debug|Any CPU
		{EFB3793F-CDE0-4E80-954A-9BF3C0CA87CC}.Debug|iOS.Build.0 = Debug|Any CPU
		{EFB3793F-CDE0-4E80-954A-9BF3C0CA87CC}.Debug|Windows Phone (Universal).ActiveCfg = Debug|Any CPU
		{EFB3793F-CDE0-4E80-954A-9BF3C0CA87CC}.Debug|Windows Phone (Universal).Build.0 = Debug|Any CPU
		{EFB3793F-CDE0-4E80-954A-9BF3C0CA87CC}.Debug|Windows Phone 8.ActiveCfg = Debug|Any CPU
		{EFB3793F-CDE0-4E80-954A-9BF3C0CA87CC}.Debug|Windows Phone 8.Build.0 = Debug|Any CPU
		{EFB3793F-CDE0-4E80-954A-9BF3C0CA87CC}.Debug|Windows-AnyCPU.ActiveCfg = Debug|Any CPU
		{EFB3793F-CDE0-4E80-954A-9BF3C0CA87CC}.Debug|Windows-AnyCPU.Build.0 = Debug|Any CPU
		{EFB3793F-CDE0-4E80-954A-9BF3C0CA87CC}.Debug|Windows-ARM.ActiveCfg = Debug|Any CPU
		{EFB3793F-CDE0-4E80-954A-9BF3C0CA87CC}.Debug|Windows-ARM.Build.0 = Debug|Any CPU
		{EFB3793F-CDE0-4E80-954A-9BF3C0CA87CC}.Debug|Windows-x64.ActiveCfg = Debug|Any CPU
		{EFB3793F-CDE0-4E80-954A-9BF3C0CA87CC}.Debug|Windows-x64.Build.0 = Debug|Any CPU
		{EFB3793F-CDE0-4E80-954A-9BF3C0CA87CC}.Debug|Windows-x86.ActiveCfg = Debug|Any CPU
		{EFB3793F-CDE0-4E80-954A-9BF3C0CA87CC}.Debug|Windows-x86.Build.0 = Debug|Any CPU
		{EFB3793F-CDE0-4E80-954A-9BF3C0CA87CC}.Release|Android.ActiveCfg = Release|Any CPU
		{EFB3793F-CDE0-4E80-954A-9BF3C0CA87CC}.Release|Android.Build.0 = Release|Any CPU
		{EFB3793F-CDE0-4E80-954A-9BF3C0CA87CC}.Release|Any CPU.ActiveCfg = Release|Any CPU
		{EFB3793F-CDE0-4E80-954A-9BF3C0CA87CC}.Release|Any CPU.Build.0 = Release|Any CPU
		{EFB3793F-CDE0-4E80-954A-9BF3C0CA87CC}.Release|iOS.ActiveCfg = Release|Any CPU
		{EFB3793F-CDE0-4E80-954A-9BF3C0CA87CC}.Release|iOS.Build.0 = Release|Any CPU
		{EFB3793F-CDE0-4E80-954A-9BF3C0CA87CC}.Release|Windows Phone (Universal).ActiveCfg = Release|Any CPU
		{EFB3793F-CDE0-4E80-954A-9BF3C0CA87CC}.Release|Windows Phone (Universal).Build.0 = Release|Any CPU
		{EFB3793F-CDE0-4E80-954A-9BF3C0CA87CC}.Release|Windows Phone 8.ActiveCfg = Release|Any CPU
		{EFB3793F-CDE0-4E80-954A-9BF3C0CA87CC}.Release|Windows Phone 8.Build.0 = Release|Any CPU
		{EFB3793F-CDE0-4E80-954A-9BF3C0CA87CC}.Release|Windows-AnyCPU.ActiveCfg = Release|Any CPU
		{EFB3793F-CDE0-4E80-954A-9BF3C0CA87CC}.Release|Windows-AnyCPU.Build.0 = Release|Any CPU
		{EFB3793F-CDE0-4E80-954A-9BF3C0CA87CC}.Release|Windows-ARM.ActiveCfg = Release|Any CPU
		{EFB3793F-CDE0-4E80-954A-9BF3C0CA87CC}.Release|Windows-ARM.Build.0 = Release|Any CPU
		{EFB3793F-CDE0-4E80-954A-9BF3C0CA87CC}.Release|Windows-x64.ActiveCfg = Release|Any CPU
		{EFB3793F-CDE0-4E80-954A-9BF3C0CA87CC}.Release|Windows-x64.Build.0 = Release|Any CPU
		{EFB3793F-CDE0-4E80-954A-9BF3C0CA87CC}.Release|Windows-x86.ActiveCfg = Release|Any CPU
		{EFB3793F-CDE0-4E80-954A-9BF3C0CA87CC}.Release|Windows-x86.Build.0 = Release|Any CPU
	EndGlobalSection
	GlobalSection(SolutionProperties) = preSolution
		HideSolutionNode = FALSE
	EndGlobalSection
	GlobalSection(TeamFoundationVersionControl) = preSolution
		SccNumberOfProjects = 3
		SccEnterpriseProvider = {4CA58AB2-18FA-4F8D-95D4-32DDF27D184C}
		SccTeamFoundationServer = https://studiox.visualstudio.com/defaultcollection
		SccLocalPath0 = .
		SccProjectUniqueName1 = PlanetCordova\\PlanetCordova.jsproj
		SccProjectName1 = PlanetCordova
		SccLocalPath1 = PlanetCordova
		SccProjectUniqueName2 = Phonegap.OWIN\\Phonegap.OWIN.csproj
		SccProjectName2 = Phonegap.OWIN
		SccLocalPath2 = Phonegap.OWIN
	EndGlobalSection
EndGlobal
